// !$*UTF8*$!
{
	archiveVersion = 1;
	classes = {
	};
	objectVersion = 46;
	objects = {

/* Begin PBXBuildFile section */
		3F106C9A1F14CBB600272EE2 /* AppDelegate.swift in Sources */ = {isa = PBXBuildFile; fileRef = 3F106C991F14CBB600272EE2 /* AppDelegate.swift */; };
		3F106C9F1F14CBB600272EE2 /* Main.storyboard in Resources */ = {isa = PBXBuildFile; fileRef = 3F106C9D1F14CBB600272EE2 /* Main.storyboard */; };
		3F106CA11F14CBB600272EE2 /* Assets.xcassets in Resources */ = {isa = PBXBuildFile; fileRef = 3F106CA01F14CBB600272EE2 /* Assets.xcassets */; };
		3F106CA41F14CBB600272EE2 /* LaunchScreen.storyboard in Resources */ = {isa = PBXBuildFile; fileRef = 3F106CA21F14CBB600272EE2 /* LaunchScreen.storyboard */; };
		3F106CAC1F14CF6300272EE2 /* ListViewController.swift in Sources */ = {isa = PBXBuildFile; fileRef = 3F106CAB1F14CF6300272EE2 /* ListViewController.swift */; };
		3F106CAE1F14CF7000272EE2 /* WriteViewController.swift in Sources */ = {isa = PBXBuildFile; fileRef = 3F106CAD1F14CF7000272EE2 /* WriteViewController.swift */; };
		3F106CB01F14CF8200272EE2 /* ListTableViewCell.swift in Sources */ = {isa = PBXBuildFile; fileRef = 3F106CAF1F14CF8200272EE2 /* ListTableViewCell.swift */; };
		3F106CB21F14CF9600272EE2 /* DataCentre.swift in Sources */ = {isa = PBXBuildFile; fileRef = 3F106CB11F14CF9600272EE2 /* DataCentre.swift */; };
		3F106CB41F14CFA700272EE2 /* Memo.swift in Sources */ = {isa = PBXBuildFile; fileRef = 3F106CB31F14CFA700272EE2 /* Memo.swift */; };
		3F106CB71F14E61800272EE2 /* Todo.swift in Sources */ = {isa = PBXBuildFile; fileRef = 3F106CB61F14E61800272EE2 /* Todo.swift */; };
/* End PBXBuildFile section */

/* Begin PBXFileReference section */
		3F106C961F14CBB600272EE2 /* MemoAlone_iOSCopyVer.app */ = {isa = PBXFileReference; explicitFileType = wrapper.application; includeInIndex = 0; path = MemoAlone_iOSCopyVer.app; sourceTree = BUILT_PRODUCTS_DIR; };
		3F106C991F14CBB600272EE2 /* AppDelegate.swift */ = {isa = PBXFileReference; lastKnownFileType = sourcecode.swift; path = AppDelegate.swift; sourceTree = "<group>"; };
		3F106C9E1F14CBB600272EE2 /* Base */ = {isa = PBXFileReference; lastKnownFileType = file.storyboard; name = Base; path = Base.lproj/Main.storyboard; sourceTree = "<group>"; };
		3F106CA01F14CBB600272EE2 /* Assets.xcassets */ = {isa = PBXFileReference; lastKnownFileType = folder.assetcatalog; path = Assets.xcassets; sourceTree = "<group>"; };
		3F106CA31F14CBB600272EE2 /* Base */ = {isa = PBXFileReference; lastKnownFileType = file.storyboard; name = Base; path = Base.lproj/LaunchScreen.storyboard; sourceTree = "<group>"; };
		3F106CA51F14CBB600272EE2 /* Info.plist */ = {isa = PBXFileReference; lastKnownFileType = text.plist.xml; path = Info.plist; sourceTree = "<group>"; };
		3F106CAB1F14CF6300272EE2 /* ListViewController.swift */ = {isa = PBXFileReference; fileEncoding = 4; lastKnownFileType = sourcecode.swift; path = ListViewController.swift; sourceTree = "<group>"; };
		3F106CAD1F14CF7000272EE2 /* WriteViewController.swift */ = {isa = PBXFileReference; fileEncoding = 4; lastKnownFileType = sourcecode.swift; path = WriteViewController.swift; sourceTree = "<group>"; };
		3F106CAF1F14CF8200272EE2 /* ListTableViewCell.swift */ = {isa = PBXFileReference; fileEncoding = 4; lastKnownFileType = sourcecode.swift; path = ListTableViewCell.swift; sourceTree = "<group>"; };
		3F106CB11F14CF9600272EE2 /* DataCentre.swift */ = {isa = PBXFileReference; fileEncoding = 4; lastKnownFileType = sourcecode.swift; path = DataCentre.swift; sourceTree = "<group>"; };
		3F106CB31F14CFA700272EE2 /* Memo.swift */ = {isa = PBXFileReference; fileEncoding = 4; lastKnownFileType = sourcecode.swift; path = Memo.swift; sourceTree = "<group>"; };
		3F106CB61F14E61800272EE2 /* Todo.swift */ = {isa = PBXFileReference; fileEncoding = 4; lastKnownFileType = sourcecode.swift; name = Todo.swift; path = MemoAlone_iOSCopyVer/Todo.swift; sourceTree = "<group>"; };
/* End PBXFileReference section */

/* Begin PBXFrameworksBuildPhase section */
		3F106C931F14CBB600272EE2 /* Frameworks */ = {
			isa = PBXFrameworksBuildPhase;
			buildActionMask = 2147483647;
			files = (
			);
			runOnlyForDeploymentPostprocessing = 0;
		};
/* End PBXFrameworksBuildPhase section */

/* Begin PBXGroup section */
		3F106C8D1F14CBB600272EE2 = {
			isa = PBXGroup;
			children = (
				3F106C981F14CBB600272EE2 /* MemoAlone_iOSCopyVer */,
				3F106C971F14CBB600272EE2 /* Products */,
				3F106CB61F14E61800272EE2 /* Todo.swift */,
			);
			sourceTree = "<group>";
		};
		3F106C971F14CBB600272EE2 /* Products */ = {
			isa = PBXGroup;
			children = (
				3F106C961F14CBB600272EE2 /* MemoAlone_iOSCopyVer.app */,
			);
			name = Products;
			sourceTree = "<group>";
		};
		3F106C981F14CBB600272EE2 /* MemoAlone_iOSCopyVer */ = {
			isa = PBXGroup;
			children = (
				3F106C991F14CBB600272EE2 /* AppDelegate.swift */,
				3F106C9D1F14CBB600272EE2 /* Main.storyboard */,
				3F106CA01F14CBB600272EE2 /* Assets.xcassets */,
				3F106CA21F14CBB600272EE2 /* LaunchScreen.storyboard */,
				3F106CA51F14CBB600272EE2 /* Info.plist */,
				3F106CB51F14D04600272EE2 /* DataFile */,
			);
			path = MemoAlone_iOSCopyVer;
			sourceTree = "<group>";
		};
		3F106CB51F14D04600272EE2 /* DataFile */ = {
			isa = PBXGroup;
			children = (
				3F106CAB1F14CF6300272EE2 /* ListViewController.swift */,
				3F106CAD1F14CF7000272EE2 /* WriteViewController.swift */,
				3F106CAF1F14CF8200272EE2 /* ListTableViewCell.swift */,
				3F106CB11F14CF9600272EE2 /* DataCentre.swift */,
				3F106CB31F14CFA700272EE2 /* Memo.swift */,
			);
			name = DataFile;
			sourceTree = "<group>";
		};
/* End PBXGroup section */

/* Begin PBXNativeTarget section */
		3F106C951F14CBB600272EE2 /* MemoAlone_iOSCopyVer */ = {
			isa = PBXNativeTarget;
			buildConfigurationList = 3F106CA81F14CBB600272EE2 /* Build configuration list for PBXNativeTarget "MemoAlone_iOSCopyVer" */;
			buildPhases = (
				3F106C921F14CBB600272EE2 /* Sources */,
				3F106C931F14CBB600272EE2 /* Frameworks */,
				3F106C941F14CBB600272EE2 /* Resources */,
			);
			buildRules = (
			);
			dependencies = (
			);
			name = MemoAlone_iOSCopyVer;
			productName = MemoAlone_iOSCopyVer;
			productReference = 3F106C961F14CBB600272EE2 /* MemoAlone_iOSCopyVer.app */;
			productType = "com.apple.product-type.application";
		};
/* End PBXNativeTarget section */

/* Begin PBXProject section */
		3F106C8E1F14CBB600272EE2 /* Project object */ = {
			isa = PBXProject;
			attributes = {
				LastSwiftUpdateCheck = 0830;
				LastUpgradeCheck = 0830;
				ORGANIZATIONNAME = "jaeseong Lee";
				TargetAttributes = {
					3F106C951F14CBB600272EE2 = {
						CreatedOnToolsVersion = 8.3.3;
						DevelopmentTeam = FNEH2787UY;
						ProvisioningStyle = Automatic;
					};
				};
			};
			buildConfigurationList = 3F106C911F14CBB600272EE2 /* Build configuration list for PBXProject "MemoAlone_iOSCopyVer" */;
			compatibilityVersion = "Xcode 3.2";
			developmentRegion = English;
			hasScannedForEncodings = 0;
			knownRegions = (
				en,
				Base,
			);
			mainGroup = 3F106C8D1F14CBB600272EE2;
			productRefGroup = 3F106C971F14CBB600272EE2 /* Products */;
			projectDirPath = "";
			projectRoot = "";
			targets = (
				3F106C951F14CBB600272EE2 /* MemoAlone_iOSCopyVer */,
			);
		};
/* End PBXProject section */

/* Begin PBXResourcesBuildPhase section */
		3F106C941F14CBB600272EE2 /* Resources */ = {
			isa = PBXResourcesBuildPhase;
			buildActionMask = 2147483647;
			files = (
				3F106CA41F14CBB600272EE2 /* LaunchScreen.storyboard in Resources */,
				3F106CA11F14CBB600272EE2 /* Assets.xcassets in Resources */,
				3F106C9F1F14CBB600272EE2 /* Main.storyboard in Resources */,
			);
			runOnlyForDeploymentPostprocessing = 0;
		};
/* End PBXResourcesBuildPhase section */

/* Begin PBXSourcesBuildPhase section */
		3F106C921F14CBB600272EE2 /* Sources */ = {
			isa = PBXSourcesBuildPhase;
			buildActionMask = 2147483647;
			files = (
				3F106CB71F14E61800272EE2 /* Todo.swift in Sources */,
				3F106CB21F14CF9600272EE2 /* DataCentre.swift in Sources */,
				3F106CAE1F14CF7000272EE2 /* WriteViewController.swift in Sources */,
				3F106CB01F14CF8200272EE2 /* ListTableViewCell.swift in Sources */,
				3F106CB41F14CFA700272EE2 /* Memo.swift in Sources */,
				3F106CAC1F14CF6300272EE2 /* ListViewController.swift in Sources */,
				3F106C9A1F14CBB600272EE2 /* AppDelegate.swift in Sources */,
			);
			runOnlyForDeploymentPostprocessing = 0;
		};
/* End PBXSourcesBuildPhase section */

/* Begin PBXVariantGroup section */
		3F106C9D1F14CBB600272EE2 /* Main.storyboard */ = {
			isa = PBXVariantGroup;
			children = (
				3F106C9E1F14CBB600272EE2 /* Base */,
			);
			name = Main.storyboard;
			sourceTree = "<group>";
		};
		3F106CA21F14CBB600272EE2 /* LaunchScreen.storyboard */ = {
			isa = PBXVariantGroup;
			children = (
				3F106CA31F14CBB600272EE2 /* Base */,
			);
			name = LaunchScreen.storyboard;
			sourceTree = "<group>";
		};
/* End PBXVariantGroup section */

/* Begin XCBuildConfiguration section */
		3F106CA61F14CBB600272EE2 /* Debug */ = {
			isa = XCBuildConfiguration;
			buildSettings = {
				ALWAYS_SEARCH_USER_PATHS = NO;
				CLANG_ANALYZER_NONNULL = YES;
				CLANG_ANALYZER_NUMBER_OBJECT_CONVERSION = YES_AGGRESSIVE;
				CLANG_CXX_LANGUAGE_STANDARD = "gnu++0x";
				CLANG_CXX_LIBRARY = "libc++";
				CLANG_ENABLE_MODULES = YES;
				CLANG_ENABLE_OBJC_ARC = YES;
				CLANG_WARN_BOOL_CONVERSION = YES;
				CLANG_WARN_CONSTANT_CONVERSION = YES;
				CLANG_WARN_DIRECT_OBJC_ISA_USAGE = YES_ERROR;
				CLANG_WARN_DOCUMENTATION_COMMENTS = YES;
				CLANG_WARN_EMPTY_BODY = YES;
				CLANG_WARN_ENUM_CONVERSION = YES;
				CLANG_WARN_INFINITE_RECURSION = YES;
				CLANG_WARN_INT_CONVERSION = YES;
				CLANG_WARN_OBJC_ROOT_CLASS = YES_ERROR;
				CLANG_WARN_SUSPICIOUS_MOVE = YES;
				CLANG_WARN_UNREACHABLE_CODE = YES;
				CLANG_WARN__DUPLICATE_METHOD_MATCH = YES;
				"CODE_SIGN_IDENTITY[sdk=iphoneos*]" = "iPhone Developer";
				COPY_PHASE_STRIP = NO;
				DEBUG_INFORMATION_FORMAT = dwarf;
				ENABLE_STRICT_OBJC_MSGSEND = YES;
				ENABLE_TESTABILITY = YES;
				GCC_C_LANGUAGE_STANDARD = gnu99;
				GCC_DYNAMIC_NO_PIC = NO;
				GCC_NO_COMMON_BLOCKS = YES;
				GCC_OPTIMIZATION_LEVEL = 0;
				GCC_PREPROCESSOR_DEFINITIONS = (
					"DEBUG=1",
					"$(inherited)",
				);
				GCC_WARN_64_TO_32_BIT_CONVERSION = YES;
				GCC_WARN_ABOUT_RETURN_TYPE = YES_ERROR;
				GCC_WARN_UNDECLARED_SELECTOR = YES;
				GCC_WARN_UNINITIALIZED_AUTOS = YES_AGGRESSIVE;
				GCC_WARN_UNUSED_FUNCTION = YES;
				GCC_WARN_UNUSED_VARIABLE = YES;
				IPHONEOS_DEPLOYMENT_TARGET = 10.3;
				MTL_ENABLE_DEBUG_INFO = YES;
				ONLY_ACTIVE_ARCH = YES;
				SDKROOT = iphoneos;
				SWIFT_ACTIVE_COMPILATION_CONDITIONS = DEBUG;
				SWIFT_OPTIMIZATION_LEVEL = "-Onone";
				TARGETED_DEVICE_FAMILY = "1,2";
			};
			name = Debug;
		};
		3F106CA71F14CBB600272EE2 /* Release */ = {
			isa = XCBuildConfiguration;
			buildSettings = {
				ALWAYS_SEARCH_USER_PATHS = NO;
				CLANG_ANALYZER_NONNULL = YES;
				CLANG_ANALYZER_NUMBER_OBJECT_CONVERSION = YES_AGGRESSIVE;
				CLANG_CXX_LANGUAGE_STANDARD = "gnu++0x";
				CLANG_CXX_LIBRARY = "libc++";
				CLANG_ENABLE_MODULES = YES;
				CLANG_ENABLE_OBJC_ARC = YES;
				CLANG_WARN_BOOL_CONVERSION = YES;
				CLANG_WARN_CONSTANT_CONVERSION = YES;
				CLANG_WARN_DIRECT_OBJC_ISA_USAGE = YES_ERROR;
				CLANG_WARN_DOCUMENTATION_COMMENTS = YES;
				CLANG_WARN_EMPTY_BODY = YES;
				CLANG_WARN_ENUM_CONVERSION = YES;
				CLANG_WARN_INFINITE_RECURSION = YES;
				CLANG_WARN_INT_CONVERSION = YES;
				CLANG_WARN_OBJC_ROOT_CLASS = YES_ERROR;
				CLANG_WARN_SUSPICIOUS_MOVE = YES;
				CLANG_WARN_UNREACHABLE_CODE = YES;
				CLANG_WARN__DUPLICATE_METHOD_MATCH = YES;
				"CODE_SIGN_IDENTITY[sdk=iphoneos*]" = "iPhone Developer";
				COPY_PHASE_STRIP = NO;
				DEBUG_INFORMATION_FORMAT = "dwarf-with-dsym";
				ENABLE_NS_ASSERTIONS = NO;
				ENABLE_STRICT_OBJC_MSGSEND = YES;
				GCC_C_LANGUAGE_STANDARD = gnu99;
				GCC_NO_COMMON_BLOCKS = YES;
				GCC_WARN_64_TO_32_BIT_CONVERSION = YES;
				GCC_WARN_ABOUT_RETURN_TYPE = YES_ERROR;
				GCC_WARN_UNDECLARED_SELECTOR = YES;
				GCC_WARN_UNINITIALIZED_AUTOS = YES_AGGRESSIVE;
				GCC_WARN_UNUSED_FUNCTION = YES;
				GCC_WARN_UNUSED_VARIABLE = YES;
				IPHONEOS_DEPLOYMENT_TARGET = 10.3;
				MTL_ENABLE_DEBUG_INFO = NO;
				SDKROOT = iphoneos;
				SWIFT_OPTIMIZATION_LEVEL = "-Owholemodule";
				TARGETED_DEVICE_FAMILY = "1,2";
				VALIDATE_PRODUCT = YES;
			};
			name = Release;
		};
		3F106CA91F14CBB600272EE2 /* Debug */ = {
			isa = XCBuildConfiguration;
			buildSettings = {
				ASSETCATALOG_COMPILER_APPICON_NAME = AppIcon;
				DEVELOPMENT_TEAM = FNEH2787UY;
				INFOPLIST_FILE = MemoAlone_iOSCopyVer/Info.plist;
				LD_RUNPATH_SEARCH_PATHS = "$(inherited) @executable_path/Frameworks";
				PRODUCT_BUNDLE_IDENTIFIER = "com.toygift.MemoAlone-iOSCopyVer";
				PRODUCT_NAME = "$(TARGET_NAME)";
				SWIFT_VERSION = 3.0;
			};
			name = Debug;
		};
		3F106CAA1F14CBB600272EE2 /* Release */ = {
			isa = XCBuildConfiguration;
			buildSettings = {
				ASSETCATALOG_COMPILER_APPICON_NAME = AppIcon;
				DEVELOPMENT_TEAM = FNEH2787UY;
				INFOPLIST_FILE = MemoAlone_iOSCopyVer/Info.plist;
				LD_RUNPATH_SEARCH_PATHS = "$(inherited) @executable_path/Frameworks";
				PRODUCT_BUNDLE_IDENTIFIER = "com.toygift.MemoAlone-iOSCopyVer";
				PRODUCT_NAME = "$(TARGET_NAME)";
				SWIFT_VERSION = 3.0;
			};
			name = Release;
		};
/* End XCBuildConfiguration section */

/* Begin XCConfigurationList section */
		3F106C911F14CBB600272EE2 /* Build configuration list for PBXProject "MemoAlone_iOSCopyVer" */ = {
			isa = XCConfigurationList;
			buildConfigurations = (
				3F106CA61F14CBB600272EE2 /* Debug */,
				3F106CA71F14CBB600272EE2 /* Release */,
			);
			defaultConfigurationIsVisible = 0;
			defaultConfigurationName = Release;
		};
		3F106CA81F14CBB600272EE2 /* Build configuration list for PBXNativeTarget "MemoAlone_iOSCopyVer" */ = {
			isa = XCConfigurationList;
			buildConfigurations = (
				3F106CA91F14CBB600272EE2 /* Debug */,
				3F106CAA1F14CBB600272EE2 /* Release */,
			);
			defaultConfigurationIsVisible = 0;
		};
/* End XCConfigurationList section */
	};
	rootObject = 3F106C8E1F14CBB600272EE2 /* Project object */;
}
