// !$*UTF8*$!
{
	archiveVersion = 1;
	classes = {
	};
	objectVersion = 46;
	objects = {

/* Begin PBXBuildFile section */
		3F188AB61F35883100D6486F /* ViewController.swift in Sources */ = {isa = PBXBuildFile; fileRef = 3F188AB51F35883100D6486F /* ViewController.swift */; };
		3F7DA6641F3558080008253C /* AppDelegate.swift in Sources */ = {isa = PBXBuildFile; fileRef = 3F7DA6631F3558080008253C /* AppDelegate.swift */; };
		3F7DA66B1F3558080008253C /* Assets.xcassets in Resources */ = {isa = PBXBuildFile; fileRef = 3F7DA66A1F3558080008253C /* Assets.xcassets */; };
		3F7DA66E1F3558080008253C /* LaunchScreen.storyboard in Resources */ = {isa = PBXBuildFile; fileRef = 3F7DA66C1F3558080008253C /* LaunchScreen.storyboard */; };
		3F7DA6781F3559680008253C /* AddViewController.swift in Sources */ = {isa = PBXBuildFile; fileRef = 3F7DA6771F3559680008253C /* AddViewController.swift */; };
		3F7DA67A1F3559A50008253C /* DetailViewController.swift in Sources */ = {isa = PBXBuildFile; fileRef = 3F7DA6791F3559A50008253C /* DetailViewController.swift */; };
		3F7DA67E1F355AB30008253C /* cart.png in Resources */ = {isa = PBXBuildFile; fileRef = 3F7DA67B1F355AB30008253C /* cart.png */; };
		3F7DA67F1F355AB30008253C /* clock.png in Resources */ = {isa = PBXBuildFile; fileRef = 3F7DA67C1F355AB30008253C /* clock.png */; };
		3F7DA6801F355AB30008253C /* pencil.png in Resources */ = {isa = PBXBuildFile; fileRef = 3F7DA67D1F355AB30008253C /* pencil.png */; };
		3FFBFAB51F356B8600B58C56 /* Main.storyboard in Resources */ = {isa = PBXBuildFile; fileRef = 3FFBFAB31F356B8600B58C56 /* Main.storyboard */; };
/* End PBXBuildFile section */

/* Begin PBXFileReference section */
		3F188AB51F35883100D6486F /* ViewController.swift */ = {isa = PBXFileReference; fileEncoding = 4; lastKnownFileType = sourcecode.swift; path = ViewController.swift; sourceTree = "<group>"; };
		3F7DA6601F3558080008253C /* TableView.app */ = {isa = PBXFileReference; explicitFileType = wrapper.application; includeInIndex = 0; path = TableView.app; sourceTree = BUILT_PRODUCTS_DIR; };
		3F7DA6631F3558080008253C /* AppDelegate.swift */ = {isa = PBXFileReference; lastKnownFileType = sourcecode.swift; path = AppDelegate.swift; sourceTree = "<group>"; };
		3F7DA66A1F3558080008253C /* Assets.xcassets */ = {isa = PBXFileReference; lastKnownFileType = folder.assetcatalog; path = Assets.xcassets; sourceTree = "<group>"; };
		3F7DA66D1F3558080008253C /* Base */ = {isa = PBXFileReference; lastKnownFileType = file.storyboard; name = Base; path = Base.lproj/LaunchScreen.storyboard; sourceTree = "<group>"; };
		3F7DA66F1F3558080008253C /* Info.plist */ = {isa = PBXFileReference; lastKnownFileType = text.plist.xml; path = Info.plist; sourceTree = "<group>"; };
		3F7DA6771F3559680008253C /* AddViewController.swift */ = {isa = PBXFileReference; fileEncoding = 4; lastKnownFileType = sourcecode.swift; path = AddViewController.swift; sourceTree = "<group>"; };
		3F7DA6791F3559A50008253C /* DetailViewController.swift */ = {isa = PBXFileReference; fileEncoding = 4; lastKnownFileType = sourcecode.swift; name = DetailViewController.swift; path = ../DetailViewController.swift; sourceTree = "<group>"; };
		3F7DA67B1F355AB30008253C /* cart.png */ = {isa = PBXFileReference; lastKnownFileType = image.png; path = cart.png; sourceTree = "<group>"; };
		3F7DA67C1F355AB30008253C /* clock.png */ = {isa = PBXFileReference; lastKnownFileType = image.png; path = clock.png; sourceTree = "<group>"; };
		3F7DA67D1F355AB30008253C /* pencil.png */ = {isa = PBXFileReference; lastKnownFileType = image.png; path = pencil.png; sourceTree = "<group>"; };
		3FFBFAB41F356B8600B58C56 /* Base */ = {isa = PBXFileReference; lastKnownFileType = file.storyboard; name = Base; path = Base.lproj/Main.storyboard; sourceTree = "<group>"; };
/* End PBXFileReference section */

/* Begin PBXFrameworksBuildPhase section */
		3F7DA65D1F3558080008253C /* Frameworks */ = {
			isa = PBXFrameworksBuildPhase;
			buildActionMask = 2147483647;
			files = (
			);
			runOnlyForDeploymentPostprocessing = 0;
		};
/* End PBXFrameworksBuildPhase section */

/* Begin PBXGroup section */
		3F7DA6571F3558080008253C = {
			isa = PBXGroup;
			children = (
				3F7DA6621F3558080008253C /* TableView */,
				3F7DA6611F3558080008253C /* Products */,
			);
			sourceTree = "<group>";
		};
		3F7DA6611F3558080008253C /* Products */ = {
			isa = PBXGroup;
			children = (
				3F7DA6601F3558080008253C /* TableView.app */,
			);
			name = Products;
			sourceTree = "<group>";
		};
		3F7DA6621F3558080008253C /* TableView */ = {
			isa = PBXGroup;
			children = (
				3F7DA6631F3558080008253C /* AppDelegate.swift */,
				3F7DA6791F3559A50008253C /* DetailViewController.swift */,
				3F7DA6771F3559680008253C /* AddViewController.swift */,
				3F7DA66A1F3558080008253C /* Assets.xcassets */,
				3FFBFAB31F356B8600B58C56 /* Main.storyboard */,
				3F188AB51F35883100D6486F /* ViewController.swift */,
				3F7DA66C1F3558080008253C /* LaunchScreen.storyboard */,
				3F7DA66F1F3558080008253C /* Info.plist */,
				3F7DA67B1F355AB30008253C /* cart.png */,
				3F7DA67C1F355AB30008253C /* clock.png */,
				3F7DA67D1F355AB30008253C /* pencil.png */,
			);
			path = TableView;
			sourceTree = "<group>";
		};
/* End PBXGroup section */

/* Begin PBXNativeTarget section */
		3F7DA65F1F3558080008253C /* TableView */ = {
			isa = PBXNativeTarget;
			buildConfigurationList = 3F7DA6721F3558080008253C /* Build configuration list for PBXNativeTarget "TableView" */;
			buildPhases = (
				3F7DA65C1F3558080008253C /* Sources */,
				3F7DA65D1F3558080008253C /* Frameworks */,
				3F7DA65E1F3558080008253C /* Resources */,
			);
			buildRules = (
			);
			dependencies = (
			);
			name = TableView;
			productName = TableView;
			productReference = 3F7DA6601F3558080008253C /* TableView.app */;
			productType = "com.apple.product-type.application";
		};
/* End PBXNativeTarget section */

/* Begin PBXProject section */
		3F7DA6581F3558080008253C /* Project object */ = {
			isa = PBXProject;
			attributes = {
				LastSwiftUpdateCheck = 0830;
				LastUpgradeCheck = 0830;
				ORGANIZATIONNAME = jaeseong;
				TargetAttributes = {
					3F7DA65F1F3558080008253C = {
						CreatedOnToolsVersion = 8.3.3;
						DevelopmentTeam = FNEH2787UY;
						ProvisioningStyle = Automatic;
					};
				};
			};
			buildConfigurationList = 3F7DA65B1F3558080008253C /* Build configuration list for PBXProject "TableView" */;
			compatibilityVersion = "Xcode 3.2";
			developmentRegion = English;
			hasScannedForEncodings = 0;
			knownRegions = (
				en,
				Base,
			);
			mainGroup = 3F7DA6571F3558080008253C;
			productRefGroup = 3F7DA6611F3558080008253C /* Products */;
			projectDirPath = "";
			projectRoot = "";
			targets = (
				3F7DA65F1F3558080008253C /* TableView */,
			);
		};
/* End PBXProject section */

/* Begin PBXResourcesBuildPhase section */
		3F7DA65E1F3558080008253C /* Resources */ = {
			isa = PBXResourcesBuildPhase;
			buildActionMask = 2147483647;
			files = (
				3F7DA6801F355AB30008253C /* pencil.png in Resources */,
				3F7DA66E1F3558080008253C /* LaunchScreen.storyboard in Resources */,
				3F7DA67F1F355AB30008253C /* clock.png in Resources */,
				3FFBFAB51F356B8600B58C56 /* Main.storyboard in Resources */,
				3F7DA67E1F355AB30008253C /* cart.png in Resources */,
				3F7DA66B1F3558080008253C /* Assets.xcassets in Resources */,
			);
			runOnlyForDeploymentPostprocessing = 0;
		};
/* End PBXResourcesBuildPhase section */

/* Begin PBXSourcesBuildPhase section */
		3F7DA65C1F3558080008253C /* Sources */ = {
			isa = PBXSourcesBuildPhase;
			buildActionMask = 2147483647;
			files = (
				3F7DA6781F3559680008253C /* AddViewController.swift in Sources */,
				3F7DA6641F3558080008253C /* AppDelegate.swift in Sources */,
				3F188AB61F35883100D6486F /* ViewController.swift in Sources */,
				3F7DA67A1F3559A50008253C /* DetailViewController.swift in Sources */,
			);
			runOnlyForDeploymentPostprocessing = 0;
		};
/* End PBXSourcesBuildPhase section */

/* Begin PBXVariantGroup section */
		3F7DA66C1F3558080008253C /* LaunchScreen.storyboard */ = {
			isa = PBXVariantGroup;
			children = (
				3F7DA66D1F3558080008253C /* Base */,
			);
			name = LaunchScreen.storyboard;
			sourceTree = "<group>";
		};
		3FFBFAB31F356B8600B58C56 /* Main.storyboard */ = {
			isa = PBXVariantGroup;
			children = (
				3FFBFAB41F356B8600B58C56 /* Base */,
			);
			name = Main.storyboard;
			sourceTree = "<group>";
		};
/* End PBXVariantGroup section */

/* Begin XCBuildConfiguration section */
		3F7DA6701F3558080008253C /* Debug */ = {
			isa = XCBuildConfiguration;
			buildSettings = {
				ALWAYS_SEARCH_USER_PATHS = NO;
				CLANG_ANALYZER_NONNULL = YES;
				CLANG_ANALYZER_NUMBER_OBJECT_CONVERSION = YES_AGGRESSIVE;
				CLANG_CXX_LANGUAGE_STANDARD = "gnu++0x";
				CLANG_CXX_LIBRARY = "libc++";
				CLANG_ENABLE_MODULES = YES;
				CLANG_ENABLE_OBJC_ARC = YES;
				CLANG_WARN_BOOL_CONVERSION = YES;
				CLANG_WARN_CONSTANT_CONVERSION = YES;
				CLANG_WARN_DIRECT_OBJC_ISA_USAGE = YES_ERROR;
				CLANG_WARN_DOCUMENTATION_COMMENTS = YES;
				CLANG_WARN_EMPTY_BODY = YES;
				CLANG_WARN_ENUM_CONVERSION = YES;
				CLANG_WARN_INFINITE_RECURSION = YES;
				CLANG_WARN_INT_CONVERSION = YES;
				CLANG_WARN_OBJC_ROOT_CLASS = YES_ERROR;
				CLANG_WARN_SUSPICIOUS_MOVE = YES;
				CLANG_WARN_UNREACHABLE_CODE = YES;
				CLANG_WARN__DUPLICATE_METHOD_MATCH = YES;
				"CODE_SIGN_IDENTITY[sdk=iphoneos*]" = "iPhone Developer";
				COPY_PHASE_STRIP = NO;
				DEBUG_INFORMATION_FORMAT = dwarf;
				ENABLE_STRICT_OBJC_MSGSEND = YES;
				ENABLE_TESTABILITY = YES;
				GCC_C_LANGUAGE_STANDARD = gnu99;
				GCC_DYNAMIC_NO_PIC = NO;
				GCC_NO_COMMON_BLOCKS = YES;
				GCC_OPTIMIZATION_LEVEL = 0;
				GCC_PREPROCESSOR_DEFINITIONS = (
					"DEBUG=1",
					"$(inherited)",
				);
				GCC_WARN_64_TO_32_BIT_CONVERSION = YES;
				GCC_WARN_ABOUT_RETURN_TYPE = YES_ERROR;
				GCC_WARN_UNDECLARED_SELECTOR = YES;
				GCC_WARN_UNINITIALIZED_AUTOS = YES_AGGRESSIVE;
				GCC_WARN_UNUSED_FUNCTION = YES;
				GCC_WARN_UNUSED_VARIABLE = YES;
				IPHONEOS_DEPLOYMENT_TARGET = 10.3;
				MTL_ENABLE_DEBUG_INFO = YES;
				ONLY_ACTIVE_ARCH = YES;
				SDKROOT = iphoneos;
				SWIFT_ACTIVE_COMPILATION_CONDITIONS = DEBUG;
				SWIFT_OPTIMIZATION_LEVEL = "-Onone";
				TARGETED_DEVICE_FAMILY = "1,2";
			};
			name = Debug;
		};
		3F7DA6711F3558080008253C /* Release */ = {
			isa = XCBuildConfiguration;
			buildSettings = {
				ALWAYS_SEARCH_USER_PATHS = NO;
				CLANG_ANALYZER_NONNULL = YES;
				CLANG_ANALYZER_NUMBER_OBJECT_CONVERSION = YES_AGGRESSIVE;
				CLANG_CXX_LANGUAGE_STANDARD = "gnu++0x";
				CLANG_CXX_LIBRARY = "libc++";
				CLANG_ENABLE_MODULES = YES;
				CLANG_ENABLE_OBJC_ARC = YES;
				CLANG_WARN_BOOL_CONVERSION = YES;
				CLANG_WARN_CONSTANT_CONVERSION = YES;
				CLANG_WARN_DIRECT_OBJC_ISA_USAGE = YES_ERROR;
				CLANG_WARN_DOCUMENTATION_COMMENTS = YES;
				CLANG_WARN_EMPTY_BODY = YES;
				CLANG_WARN_ENUM_CONVERSION = YES;
				CLANG_WARN_INFINITE_RECURSION = YES;
				CLANG_WARN_INT_CONVERSION = YES;
				CLANG_WARN_OBJC_ROOT_CLASS = YES_ERROR;
				CLANG_WARN_SUSPICIOUS_MOVE = YES;
				CLANG_WARN_UNREACHABLE_CODE = YES;
				CLANG_WARN__DUPLICATE_METHOD_MATCH = YES;
				"CODE_SIGN_IDENTITY[sdk=iphoneos*]" = "iPhone Developer";
				COPY_PHASE_STRIP = NO;
				DEBUG_INFORMATION_FORMAT = "dwarf-with-dsym";
				ENABLE_NS_ASSERTIONS = NO;
				ENABLE_STRICT_OBJC_MSGSEND = YES;
				GCC_C_LANGUAGE_STANDARD = gnu99;
				GCC_NO_COMMON_BLOCKS = YES;
				GCC_WARN_64_TO_32_BIT_CONVERSION = YES;
				GCC_WARN_ABOUT_RETURN_TYPE = YES_ERROR;
				GCC_WARN_UNDECLARED_SELECTOR = YES;
				GCC_WARN_UNINITIALIZED_AUTOS = YES_AGGRESSIVE;
				GCC_WARN_UNUSED_FUNCTION = YES;
				GCC_WARN_UNUSED_VARIABLE = YES;
				IPHONEOS_DEPLOYMENT_TARGET = 10.3;
				MTL_ENABLE_DEBUG_INFO = NO;
				SDKROOT = iphoneos;
				SWIFT_OPTIMIZATION_LEVEL = "-Owholemodule";
				TARGETED_DEVICE_FAMILY = "1,2";
				VALIDATE_PRODUCT = YES;
			};
			name = Release;
		};
		3F7DA6731F3558080008253C /* Debug */ = {
			isa = XCBuildConfiguration;
			buildSettings = {
				ASSETCATALOG_COMPILER_APPICON_NAME = AppIcon;
				DEVELOPMENT_TEAM = FNEH2787UY;
				INFOPLIST_FILE = TableView/Info.plist;
				LD_RUNPATH_SEARCH_PATHS = "$(inherited) @executable_path/Frameworks";
				PRODUCT_BUNDLE_IDENTIFIER = com.toygift.iOS.TableView;
				PRODUCT_NAME = "$(TARGET_NAME)";
				SWIFT_VERSION = 3.0;
			};
			name = Debug;
		};
		3F7DA6741F3558080008253C /* Release */ = {
			isa = XCBuildConfiguration;
			buildSettings = {
				ASSETCATALOG_COMPILER_APPICON_NAME = AppIcon;
				DEVELOPMENT_TEAM = FNEH2787UY;
				INFOPLIST_FILE = TableView/Info.plist;
				LD_RUNPATH_SEARCH_PATHS = "$(inherited) @executable_path/Frameworks";
				PRODUCT_BUNDLE_IDENTIFIER = com.toygift.iOS.TableView;
				PRODUCT_NAME = "$(TARGET_NAME)";
				SWIFT_VERSION = 3.0;
			};
			name = Release;
		};
/* End XCBuildConfiguration section */

/* Begin XCConfigurationList section */
		3F7DA65B1F3558080008253C /* Build configuration list for PBXProject "TableView" */ = {
			isa = XCConfigurationList;
			buildConfigurations = (
				3F7DA6701F3558080008253C /* Debug */,
				3F7DA6711F3558080008253C /* Release */,
			);
			defaultConfigurationIsVisible = 0;
			defaultConfigurationName = Release;
		};
		3F7DA6721F3558080008253C /* Build configuration list for PBXNativeTarget "TableView" */ = {
			isa = XCConfigurationList;
			buildConfigurations = (
				3F7DA6731F3558080008253C /* Debug */,
				3F7DA6741F3558080008253C /* Release */,
			);
			defaultConfigurationIsVisible = 0;
			defaultConfigurationName = Release;
		};
/* End XCConfigurationList section */
	};
	rootObject = 3F7DA6581F3558080008253C /* Project object */;
}
