// !$*UTF8*$!
{
	archiveVersion = 1;
	classes = {
	};
	objectVersion = 46;
	objects = {

/* Begin PBXBuildFile section */
		004B4B511EB5DEECC69DEB9B /* Pods_AlamoFire_Practice.framework in Frameworks */ = {isa = PBXBuildFile; fileRef = 538D3D45FD1714895294E6E3 /* Pods_AlamoFire_Practice.framework */; };
		3F7BFBCB1F20CDDC00E487C3 /* AppDelegate.swift in Sources */ = {isa = PBXBuildFile; fileRef = 3F7BFBCA1F20CDDC00E487C3 /* AppDelegate.swift */; };
		3F7BFBCD1F20CDDC00E487C3 /* ViewController.swift in Sources */ = {isa = PBXBuildFile; fileRef = 3F7BFBCC1F20CDDC00E487C3 /* ViewController.swift */; };
		3F7BFBD01F20CDDC00E487C3 /* Main.storyboard in Resources */ = {isa = PBXBuildFile; fileRef = 3F7BFBCE1F20CDDC00E487C3 /* Main.storyboard */; };
		3F7BFBD21F20CDDC00E487C3 /* Assets.xcassets in Resources */ = {isa = PBXBuildFile; fileRef = 3F7BFBD11F20CDDC00E487C3 /* Assets.xcassets */; };
		3F7BFBD51F20CDDC00E487C3 /* LaunchScreen.storyboard in Resources */ = {isa = PBXBuildFile; fileRef = 3F7BFBD31F20CDDC00E487C3 /* LaunchScreen.storyboard */; };
		4B9FC9CF1F399D1C00DD51D1 /* UserTableViewCell.swift in Sources */ = {isa = PBXBuildFile; fileRef = 4B9FC9CE1F399D1C00DD51D1 /* UserTableViewCell.swift */; };
/* End PBXBuildFile section */

/* Begin PBXFileReference section */
		3F7BFBC71F20CDDC00E487C3 /* AlamoFire_Practice.app */ = {isa = PBXFileReference; explicitFileType = wrapper.application; includeInIndex = 0; path = AlamoFire_Practice.app; sourceTree = BUILT_PRODUCTS_DIR; };
		3F7BFBCA1F20CDDC00E487C3 /* AppDelegate.swift */ = {isa = PBXFileReference; lastKnownFileType = sourcecode.swift; path = AppDelegate.swift; sourceTree = "<group>"; };
		3F7BFBCC1F20CDDC00E487C3 /* ViewController.swift */ = {isa = PBXFileReference; lastKnownFileType = sourcecode.swift; path = ViewController.swift; sourceTree = "<group>"; };
		3F7BFBCF1F20CDDC00E487C3 /* Base */ = {isa = PBXFileReference; lastKnownFileType = file.storyboard; name = Base; path = Base.lproj/Main.storyboard; sourceTree = "<group>"; };
		3F7BFBD11F20CDDC00E487C3 /* Assets.xcassets */ = {isa = PBXFileReference; lastKnownFileType = folder.assetcatalog; path = Assets.xcassets; sourceTree = "<group>"; };
		3F7BFBD41F20CDDC00E487C3 /* Base */ = {isa = PBXFileReference; lastKnownFileType = file.storyboard; name = Base; path = Base.lproj/LaunchScreen.storyboard; sourceTree = "<group>"; };
		3F7BFBD61F20CDDC00E487C3 /* Info.plist */ = {isa = PBXFileReference; lastKnownFileType = text.plist.xml; path = Info.plist; sourceTree = "<group>"; };
		4B9FC9CE1F399D1C00DD51D1 /* UserTableViewCell.swift */ = {isa = PBXFileReference; fileEncoding = 4; lastKnownFileType = sourcecode.swift; path = UserTableViewCell.swift; sourceTree = "<group>"; };
		538D3D45FD1714895294E6E3 /* Pods_AlamoFire_Practice.framework */ = {isa = PBXFileReference; explicitFileType = wrapper.framework; includeInIndex = 0; path = Pods_AlamoFire_Practice.framework; sourceTree = BUILT_PRODUCTS_DIR; };
		A795AD3F004F7A8559D8328D /* Pods-AlamoFire_Practice.release.xcconfig */ = {isa = PBXFileReference; includeInIndex = 1; lastKnownFileType = text.xcconfig; name = "Pods-AlamoFire_Practice.release.xcconfig"; path = "Pods/Target Support Files/Pods-AlamoFire_Practice/Pods-AlamoFire_Practice.release.xcconfig"; sourceTree = "<group>"; };
		C04D9E31872A155DD9C79D0F /* Pods-AlamoFire_Practice.debug.xcconfig */ = {isa = PBXFileReference; includeInIndex = 1; lastKnownFileType = text.xcconfig; name = "Pods-AlamoFire_Practice.debug.xcconfig"; path = "Pods/Target Support Files/Pods-AlamoFire_Practice/Pods-AlamoFire_Practice.debug.xcconfig"; sourceTree = "<group>"; };
/* End PBXFileReference section */

/* Begin PBXFrameworksBuildPhase section */
		3F7BFBC41F20CDDC00E487C3 /* Frameworks */ = {
			isa = PBXFrameworksBuildPhase;
			buildActionMask = 2147483647;
			files = (
				004B4B511EB5DEECC69DEB9B /* Pods_AlamoFire_Practice.framework in Frameworks */,
			);
			runOnlyForDeploymentPostprocessing = 0;
		};
/* End PBXFrameworksBuildPhase section */

/* Begin PBXGroup section */
		3F7BFBBE1F20CDDC00E487C3 = {
			isa = PBXGroup;
			children = (
				3F7BFBC91F20CDDC00E487C3 /* AlamoFire_Practice */,
				3F7BFBC81F20CDDC00E487C3 /* Products */,
				50D8131B72B2D577D00BC409 /* Pods */,
				AFFDE692D22CA41E97BF674B /* Frameworks */,
			);
			sourceTree = "<group>";
		};
		3F7BFBC81F20CDDC00E487C3 /* Products */ = {
			isa = PBXGroup;
			children = (
				3F7BFBC71F20CDDC00E487C3 /* AlamoFire_Practice.app */,
			);
			name = Products;
			sourceTree = "<group>";
		};
		3F7BFBC91F20CDDC00E487C3 /* AlamoFire_Practice */ = {
			isa = PBXGroup;
			children = (
				3F7BFBCA1F20CDDC00E487C3 /* AppDelegate.swift */,
				3F7BFBCC1F20CDDC00E487C3 /* ViewController.swift */,
				3F7BFBCE1F20CDDC00E487C3 /* Main.storyboard */,
				4B9FC9CE1F399D1C00DD51D1 /* UserTableViewCell.swift */,
				3F7BFBD11F20CDDC00E487C3 /* Assets.xcassets */,
				3F7BFBD31F20CDDC00E487C3 /* LaunchScreen.storyboard */,
				3F7BFBD61F20CDDC00E487C3 /* Info.plist */,
			);
			path = AlamoFire_Practice;
			sourceTree = "<group>";
		};
		50D8131B72B2D577D00BC409 /* Pods */ = {
			isa = PBXGroup;
			children = (
				C04D9E31872A155DD9C79D0F /* Pods-AlamoFire_Practice.debug.xcconfig */,
				A795AD3F004F7A8559D8328D /* Pods-AlamoFire_Practice.release.xcconfig */,
			);
			name = Pods;
			sourceTree = "<group>";
		};
		AFFDE692D22CA41E97BF674B /* Frameworks */ = {
			isa = PBXGroup;
			children = (
				538D3D45FD1714895294E6E3 /* Pods_AlamoFire_Practice.framework */,
			);
			name = Frameworks;
			sourceTree = "<group>";
		};
/* End PBXGroup section */

/* Begin PBXNativeTarget section */
		3F7BFBC61F20CDDC00E487C3 /* AlamoFire_Practice */ = {
			isa = PBXNativeTarget;
			buildConfigurationList = 3F7BFBD91F20CDDC00E487C3 /* Build configuration list for PBXNativeTarget "AlamoFire_Practice" */;
			buildPhases = (
				C2DF3829DB8990232651CD03 /* [CP] Check Pods Manifest.lock */,
				3F7BFBC31F20CDDC00E487C3 /* Sources */,
				3F7BFBC41F20CDDC00E487C3 /* Frameworks */,
				3F7BFBC51F20CDDC00E487C3 /* Resources */,
				F6326164CD21FA065AE34C55 /* [CP] Embed Pods Frameworks */,
				B0FEBBDE9A5F5FA28BF67569 /* [CP] Copy Pods Resources */,
			);
			buildRules = (
			);
			dependencies = (
			);
			name = AlamoFire_Practice;
			productName = AlamoFire_Practice;
			productReference = 3F7BFBC71F20CDDC00E487C3 /* AlamoFire_Practice.app */;
			productType = "com.apple.product-type.application";
		};
/* End PBXNativeTarget section */

/* Begin PBXProject section */
		3F7BFBBF1F20CDDC00E487C3 /* Project object */ = {
			isa = PBXProject;
			attributes = {
				LastSwiftUpdateCheck = 0830;
				LastUpgradeCheck = 0830;
				ORGANIZATIONNAME = jaeseong;
				TargetAttributes = {
					3F7BFBC61F20CDDC00E487C3 = {
						CreatedOnToolsVersion = 8.3.3;
						DevelopmentTeam = FNEH2787UY;
						ProvisioningStyle = Automatic;
					};
				};
			};
			buildConfigurationList = 3F7BFBC21F20CDDC00E487C3 /* Build configuration list for PBXProject "AlamoFire_Practice" */;
			compatibilityVersion = "Xcode 3.2";
			developmentRegion = English;
			hasScannedForEncodings = 0;
			knownRegions = (
				en,
				Base,
			);
			mainGroup = 3F7BFBBE1F20CDDC00E487C3;
			productRefGroup = 3F7BFBC81F20CDDC00E487C3 /* Products */;
			projectDirPath = "";
			projectRoot = "";
			targets = (
				3F7BFBC61F20CDDC00E487C3 /* AlamoFire_Practice */,
			);
		};
/* End PBXProject section */

/* Begin PBXResourcesBuildPhase section */
		3F7BFBC51F20CDDC00E487C3 /* Resources */ = {
			isa = PBXResourcesBuildPhase;
			buildActionMask = 2147483647;
			files = (
				3F7BFBD51F20CDDC00E487C3 /* LaunchScreen.storyboard in Resources */,
				3F7BFBD21F20CDDC00E487C3 /* Assets.xcassets in Resources */,
				3F7BFBD01F20CDDC00E487C3 /* Main.storyboard in Resources */,
			);
			runOnlyForDeploymentPostprocessing = 0;
		};
/* End PBXResourcesBuildPhase section */

/* Begin PBXShellScriptBuildPhase section */
		B0FEBBDE9A5F5FA28BF67569 /* [CP] Copy Pods Resources */ = {
			isa = PBXShellScriptBuildPhase;
			buildActionMask = 2147483647;
			files = (
			);
			inputPaths = (
			);
			name = "[CP] Copy Pods Resources";
			outputPaths = (
			);
			runOnlyForDeploymentPostprocessing = 0;
			shellPath = /bin/sh;
			shellScript = "\"${SRCROOT}/Pods/Target Support Files/Pods-AlamoFire_Practice/Pods-AlamoFire_Practice-resources.sh\"\n";
			showEnvVarsInLog = 0;
		};
		C2DF3829DB8990232651CD03 /* [CP] Check Pods Manifest.lock */ = {
			isa = PBXShellScriptBuildPhase;
			buildActionMask = 2147483647;
			files = (
			);
			inputPaths = (
			);
			name = "[CP] Check Pods Manifest.lock";
			outputPaths = (
			);
			runOnlyForDeploymentPostprocessing = 0;
			shellPath = /bin/sh;
			shellScript = "diff \"${PODS_PODFILE_DIR_PATH}/Podfile.lock\" \"${PODS_ROOT}/Manifest.lock\" > /dev/null\nif [ $? != 0 ] ; then\n    # print error to STDERR\n    echo \"error: The sandbox is not in sync with the Podfile.lock. Run 'pod install' or update your CocoaPods installation.\" >&2\n    exit 1\nfi\n";
			showEnvVarsInLog = 0;
		};
		F6326164CD21FA065AE34C55 /* [CP] Embed Pods Frameworks */ = {
			isa = PBXShellScriptBuildPhase;
			buildActionMask = 2147483647;
			files = (
			);
			inputPaths = (
			);
			name = "[CP] Embed Pods Frameworks";
			outputPaths = (
			);
			runOnlyForDeploymentPostprocessing = 0;
			shellPath = /bin/sh;
			shellScript = "\"${SRCROOT}/Pods/Target Support Files/Pods-AlamoFire_Practice/Pods-AlamoFire_Practice-frameworks.sh\"\n";
			showEnvVarsInLog = 0;
		};
/* End PBXShellScriptBuildPhase section */

/* Begin PBXSourcesBuildPhase section */
		3F7BFBC31F20CDDC00E487C3 /* Sources */ = {
			isa = PBXSourcesBuildPhase;
			buildActionMask = 2147483647;
			files = (
				3F7BFBCD1F20CDDC00E487C3 /* ViewController.swift in Sources */,
				4B9FC9CF1F399D1C00DD51D1 /* UserTableViewCell.swift in Sources */,
				3F7BFBCB1F20CDDC00E487C3 /* AppDelegate.swift in Sources */,
			);
			runOnlyForDeploymentPostprocessing = 0;
		};
/* End PBXSourcesBuildPhase section */

/* Begin PBXVariantGroup section */
		3F7BFBCE1F20CDDC00E487C3 /* Main.storyboard */ = {
			isa = PBXVariantGroup;
			children = (
				3F7BFBCF1F20CDDC00E487C3 /* Base */,
			);
			name = Main.storyboard;
			sourceTree = "<group>";
		};
		3F7BFBD31F20CDDC00E487C3 /* LaunchScreen.storyboard */ = {
			isa = PBXVariantGroup;
			children = (
				3F7BFBD41F20CDDC00E487C3 /* Base */,
			);
			name = LaunchScreen.storyboard;
			sourceTree = "<group>";
		};
/* End PBXVariantGroup section */

/* Begin XCBuildConfiguration section */
		3F7BFBD71F20CDDC00E487C3 /* Debug */ = {
			isa = XCBuildConfiguration;
			buildSettings = {
				ALWAYS_SEARCH_USER_PATHS = NO;
				CLANG_ANALYZER_NONNULL = YES;
				CLANG_ANALYZER_NUMBER_OBJECT_CONVERSION = YES_AGGRESSIVE;
				CLANG_CXX_LANGUAGE_STANDARD = "gnu++0x";
				CLANG_CXX_LIBRARY = "libc++";
				CLANG_ENABLE_MODULES = YES;
				CLANG_ENABLE_OBJC_ARC = YES;
				CLANG_WARN_BOOL_CONVERSION = YES;
				CLANG_WARN_CONSTANT_CONVERSION = YES;
				CLANG_WARN_DIRECT_OBJC_ISA_USAGE = YES_ERROR;
				CLANG_WARN_DOCUMENTATION_COMMENTS = YES;
				CLANG_WARN_EMPTY_BODY = YES;
				CLANG_WARN_ENUM_CONVERSION = YES;
				CLANG_WARN_INFINITE_RECURSION = YES;
				CLANG_WARN_INT_CONVERSION = YES;
				CLANG_WARN_OBJC_ROOT_CLASS = YES_ERROR;
				CLANG_WARN_SUSPICIOUS_MOVE = YES;
				CLANG_WARN_UNREACHABLE_CODE = YES;
				CLANG_WARN__DUPLICATE_METHOD_MATCH = YES;
				"CODE_SIGN_IDENTITY[sdk=iphoneos*]" = "iPhone Developer";
				COPY_PHASE_STRIP = NO;
				DEBUG_INFORMATION_FORMAT = dwarf;
				ENABLE_STRICT_OBJC_MSGSEND = YES;
				ENABLE_TESTABILITY = YES;
				GCC_C_LANGUAGE_STANDARD = gnu99;
				GCC_DYNAMIC_NO_PIC = NO;
				GCC_NO_COMMON_BLOCKS = YES;
				GCC_OPTIMIZATION_LEVEL = 0;
				GCC_PREPROCESSOR_DEFINITIONS = (
					"DEBUG=1",
					"$(inherited)",
				);
				GCC_WARN_64_TO_32_BIT_CONVERSION = YES;
				GCC_WARN_ABOUT_RETURN_TYPE = YES_ERROR;
				GCC_WARN_UNDECLARED_SELECTOR = YES;
				GCC_WARN_UNINITIALIZED_AUTOS = YES_AGGRESSIVE;
				GCC_WARN_UNUSED_FUNCTION = YES;
				GCC_WARN_UNUSED_VARIABLE = YES;
				IPHONEOS_DEPLOYMENT_TARGET = 10.3;
				MTL_ENABLE_DEBUG_INFO = YES;
				ONLY_ACTIVE_ARCH = YES;
				SDKROOT = iphoneos;
				SWIFT_ACTIVE_COMPILATION_CONDITIONS = DEBUG;
				SWIFT_OPTIMIZATION_LEVEL = "-Onone";
				TARGETED_DEVICE_FAMILY = "1,2";
			};
			name = Debug;
		};
		3F7BFBD81F20CDDC00E487C3 /* Release */ = {
			isa = XCBuildConfiguration;
			buildSettings = {
				ALWAYS_SEARCH_USER_PATHS = NO;
				CLANG_ANALYZER_NONNULL = YES;
				CLANG_ANALYZER_NUMBER_OBJECT_CONVERSION = YES_AGGRESSIVE;
				CLANG_CXX_LANGUAGE_STANDARD = "gnu++0x";
				CLANG_CXX_LIBRARY = "libc++";
				CLANG_ENABLE_MODULES = YES;
				CLANG_ENABLE_OBJC_ARC = YES;
				CLANG_WARN_BOOL_CONVERSION = YES;
				CLANG_WARN_CONSTANT_CONVERSION = YES;
				CLANG_WARN_DIRECT_OBJC_ISA_USAGE = YES_ERROR;
				CLANG_WARN_DOCUMENTATION_COMMENTS = YES;
				CLANG_WARN_EMPTY_BODY = YES;
				CLANG_WARN_ENUM_CONVERSION = YES;
				CLANG_WARN_INFINITE_RECURSION = YES;
				CLANG_WARN_INT_CONVERSION = YES;
				CLANG_WARN_OBJC_ROOT_CLASS = YES_ERROR;
				CLANG_WARN_SUSPICIOUS_MOVE = YES;
				CLANG_WARN_UNREACHABLE_CODE = YES;
				CLANG_WARN__DUPLICATE_METHOD_MATCH = YES;
				"CODE_SIGN_IDENTITY[sdk=iphoneos*]" = "iPhone Developer";
				COPY_PHASE_STRIP = NO;
				DEBUG_INFORMATION_FORMAT = "dwarf-with-dsym";
				ENABLE_NS_ASSERTIONS = NO;
				ENABLE_STRICT_OBJC_MSGSEND = YES;
				GCC_C_LANGUAGE_STANDARD = gnu99;
				GCC_NO_COMMON_BLOCKS = YES;
				GCC_WARN_64_TO_32_BIT_CONVERSION = YES;
				GCC_WARN_ABOUT_RETURN_TYPE = YES_ERROR;
				GCC_WARN_UNDECLARED_SELECTOR = YES;
				GCC_WARN_UNINITIALIZED_AUTOS = YES_AGGRESSIVE;
				GCC_WARN_UNUSED_FUNCTION = YES;
				GCC_WARN_UNUSED_VARIABLE = YES;
				IPHONEOS_DEPLOYMENT_TARGET = 10.3;
				MTL_ENABLE_DEBUG_INFO = NO;
				SDKROOT = iphoneos;
				SWIFT_OPTIMIZATION_LEVEL = "-Owholemodule";
				TARGETED_DEVICE_FAMILY = "1,2";
				VALIDATE_PRODUCT = YES;
			};
			name = Release;
		};
		3F7BFBDA1F20CDDC00E487C3 /* Debug */ = {
			isa = XCBuildConfiguration;
			baseConfigurationReference = C04D9E31872A155DD9C79D0F /* Pods-AlamoFire_Practice.debug.xcconfig */;
			buildSettings = {
				ASSETCATALOG_COMPILER_APPICON_NAME = AppIcon;
				DEVELOPMENT_TEAM = FNEH2787UY;
				INFOPLIST_FILE = AlamoFire_Practice/Info.plist;
				LD_RUNPATH_SEARCH_PATHS = "$(inherited) @executable_path/Frameworks";
				PRODUCT_BUNDLE_IDENTIFIER = "com.toygift.iOS.AlamoFire-Practice";
				PRODUCT_NAME = "$(TARGET_NAME)";
				SWIFT_VERSION = 3.0;
			};
			name = Debug;
		};
		3F7BFBDB1F20CDDC00E487C3 /* Release */ = {
			isa = XCBuildConfiguration;
			baseConfigurationReference = A795AD3F004F7A8559D8328D /* Pods-AlamoFire_Practice.release.xcconfig */;
			buildSettings = {
				ASSETCATALOG_COMPILER_APPICON_NAME = AppIcon;
				DEVELOPMENT_TEAM = FNEH2787UY;
				INFOPLIST_FILE = AlamoFire_Practice/Info.plist;
				LD_RUNPATH_SEARCH_PATHS = "$(inherited) @executable_path/Frameworks";
				PRODUCT_BUNDLE_IDENTIFIER = "com.toygift.iOS.AlamoFire-Practice";
				PRODUCT_NAME = "$(TARGET_NAME)";
				SWIFT_VERSION = 3.0;
			};
			name = Release;
		};
/* End XCBuildConfiguration section */

/* Begin XCConfigurationList section */
		3F7BFBC21F20CDDC00E487C3 /* Build configuration list for PBXProject "AlamoFire_Practice" */ = {
			isa = XCConfigurationList;
			buildConfigurations = (
				3F7BFBD71F20CDDC00E487C3 /* Debug */,
				3F7BFBD81F20CDDC00E487C3 /* Release */,
			);
			defaultConfigurationIsVisible = 0;
			defaultConfigurationName = Release;
		};
		3F7BFBD91F20CDDC00E487C3 /* Build configuration list for PBXNativeTarget "AlamoFire_Practice" */ = {
			isa = XCConfigurationList;
			buildConfigurations = (
				3F7BFBDA1F20CDDC00E487C3 /* Debug */,
				3F7BFBDB1F20CDDC00E487C3 /* Release */,
			);
			defaultConfigurationIsVisible = 0;
			defaultConfigurationName = Release;
		};
/* End XCConfigurationList section */
	};
	rootObject = 3F7BFBBF1F20CDDC00E487C3 /* Project object */;
}
