// !$*UTF8*$!
{
	archiveVersion = 1;
	classes = {
	};
	objectVersion = 46;
	objects = {

/* Begin PBXBuildFile section */
		254D9AA41ECDAAF7002BEA8E /* AppDelegate.swift in Sources */ = {isa = PBXBuildFile; fileRef = 254D9AA31ECDAAF7002BEA8E /* AppDelegate.swift */; };
		254D9AA61ECDAAF7002BEA8E /* ViewController.swift in Sources */ = {isa = PBXBuildFile; fileRef = 254D9AA51ECDAAF7002BEA8E /* ViewController.swift */; };
		254D9AA91ECDAAF7002BEA8E /* Main.storyboard in Resources */ = {isa = PBXBuildFile; fileRef = 254D9AA71ECDAAF7002BEA8E /* Main.storyboard */; };
		254D9AAB1ECDAAF7002BEA8E /* Assets.xcassets in Resources */ = {isa = PBXBuildFile; fileRef = 254D9AAA1ECDAAF7002BEA8E /* Assets.xcassets */; };
		254D9AAE1ECDAAF7002BEA8E /* LaunchScreen.storyboard in Resources */ = {isa = PBXBuildFile; fileRef = 254D9AAC1ECDAAF7002BEA8E /* LaunchScreen.storyboard */; };
/* End PBXBuildFile section */

/* Begin PBXFileReference section */
		254D9AA01ECDAAF7002BEA8E /* AloneStudy#1.app */ = {isa = PBXFileReference; explicitFileType = wrapper.application; includeInIndex = 0; path = "AloneStudy#1.app"; sourceTree = BUILT_PRODUCTS_DIR; };
		254D9AA31ECDAAF7002BEA8E /* AppDelegate.swift */ = {isa = PBXFileReference; lastKnownFileType = sourcecode.swift; path = AppDelegate.swift; sourceTree = "<group>"; };
		254D9AA51ECDAAF7002BEA8E /* ViewController.swift */ = {isa = PBXFileReference; lastKnownFileType = sourcecode.swift; path = ViewController.swift; sourceTree = "<group>"; };
		254D9AA81ECDAAF7002BEA8E /* Base */ = {isa = PBXFileReference; lastKnownFileType = file.storyboard; name = Base; path = Base.lproj/Main.storyboard; sourceTree = "<group>"; };
		254D9AAA1ECDAAF7002BEA8E /* Assets.xcassets */ = {isa = PBXFileReference; lastKnownFileType = folder.assetcatalog; path = Assets.xcassets; sourceTree = "<group>"; };
		254D9AAD1ECDAAF7002BEA8E /* Base */ = {isa = PBXFileReference; lastKnownFileType = file.storyboard; name = Base; path = Base.lproj/LaunchScreen.storyboard; sourceTree = "<group>"; };
		254D9AAF1ECDAAF7002BEA8E /* Info.plist */ = {isa = PBXFileReference; lastKnownFileType = text.plist.xml; path = Info.plist; sourceTree = "<group>"; };
/* End PBXFileReference section */

/* Begin PBXFrameworksBuildPhase section */
		254D9A9D1ECDAAF7002BEA8E /* Frameworks */ = {
			isa = PBXFrameworksBuildPhase;
			buildActionMask = 2147483647;
			files = (
			);
			runOnlyForDeploymentPostprocessing = 0;
		};
/* End PBXFrameworksBuildPhase section */

/* Begin PBXGroup section */
		254D9A971ECDAAF7002BEA8E = {
			isa = PBXGroup;
			children = (
				254D9AA21ECDAAF7002BEA8E /* AloneStudy#1 */,
				254D9AA11ECDAAF7002BEA8E /* Products */,
			);
			sourceTree = "<group>";
		};
		254D9AA11ECDAAF7002BEA8E /* Products */ = {
			isa = PBXGroup;
			children = (
				254D9AA01ECDAAF7002BEA8E /* AloneStudy#1.app */,
			);
			name = Products;
			sourceTree = "<group>";
		};
		254D9AA21ECDAAF7002BEA8E /* AloneStudy#1 */ = {
			isa = PBXGroup;
			children = (
				254D9AA31ECDAAF7002BEA8E /* AppDelegate.swift */,
				254D9AA51ECDAAF7002BEA8E /* ViewController.swift */,
				254D9AA71ECDAAF7002BEA8E /* Main.storyboard */,
				254D9AAA1ECDAAF7002BEA8E /* Assets.xcassets */,
				254D9AAC1ECDAAF7002BEA8E /* LaunchScreen.storyboard */,
				254D9AAF1ECDAAF7002BEA8E /* Info.plist */,
			);
			path = "AloneStudy#1";
			sourceTree = "<group>";
		};
/* End PBXGroup section */

/* Begin PBXNativeTarget section */
		254D9A9F1ECDAAF7002BEA8E /* AloneStudy#1 */ = {
			isa = PBXNativeTarget;
			buildConfigurationList = 254D9AB21ECDAAF7002BEA8E /* Build configuration list for PBXNativeTarget "AloneStudy#1" */;
			buildPhases = (
				254D9A9C1ECDAAF7002BEA8E /* Sources */,
				254D9A9D1ECDAAF7002BEA8E /* Frameworks */,
				254D9A9E1ECDAAF7002BEA8E /* Resources */,
			);
			buildRules = (
			);
			dependencies = (
			);
			name = "AloneStudy#1";
			productName = "AloneStudy#1";
			productReference = 254D9AA01ECDAAF7002BEA8E /* AloneStudy#1.app */;
			productType = "com.apple.product-type.application";
		};
/* End PBXNativeTarget section */

/* Begin PBXProject section */
		254D9A981ECDAAF7002BEA8E /* Project object */ = {
			isa = PBXProject;
			attributes = {
				LastSwiftUpdateCheck = 0830;
				LastUpgradeCheck = 0830;
				ORGANIZATIONNAME = jaeseong;
				TargetAttributes = {
					254D9A9F1ECDAAF7002BEA8E = {
						CreatedOnToolsVersion = 8.3.2;
						ProvisioningStyle = Automatic;
					};
				};
			};
			buildConfigurationList = 254D9A9B1ECDAAF7002BEA8E /* Build configuration list for PBXProject "AloneStudy#1" */;
			compatibilityVersion = "Xcode 3.2";
			developmentRegion = English;
			hasScannedForEncodings = 0;
			knownRegions = (
				en,
				Base,
			);
			mainGroup = 254D9A971ECDAAF7002BEA8E;
			productRefGroup = 254D9AA11ECDAAF7002BEA8E /* Products */;
			projectDirPath = "";
			projectRoot = "";
			targets = (
				254D9A9F1ECDAAF7002BEA8E /* AloneStudy#1 */,
			);
		};
/* End PBXProject section */

/* Begin PBXResourcesBuildPhase section */
		254D9A9E1ECDAAF7002BEA8E /* Resources */ = {
			isa = PBXResourcesBuildPhase;
			buildActionMask = 2147483647;
			files = (
				254D9AAE1ECDAAF7002BEA8E /* LaunchScreen.storyboard in Resources */,
				254D9AAB1ECDAAF7002BEA8E /* Assets.xcassets in Resources */,
				254D9AA91ECDAAF7002BEA8E /* Main.storyboard in Resources */,
			);
			runOnlyForDeploymentPostprocessing = 0;
		};
/* End PBXResourcesBuildPhase section */

/* Begin PBXSourcesBuildPhase section */
		254D9A9C1ECDAAF7002BEA8E /* Sources */ = {
			isa = PBXSourcesBuildPhase;
			buildActionMask = 2147483647;
			files = (
				254D9AA61ECDAAF7002BEA8E /* ViewController.swift in Sources */,
				254D9AA41ECDAAF7002BEA8E /* AppDelegate.swift in Sources */,
			);
			runOnlyForDeploymentPostprocessing = 0;
		};
/* End PBXSourcesBuildPhase section */

/* Begin PBXVariantGroup section */
		254D9AA71ECDAAF7002BEA8E /* Main.storyboard */ = {
			isa = PBXVariantGroup;
			children = (
				254D9AA81ECDAAF7002BEA8E /* Base */,
			);
			name = Main.storyboard;
			sourceTree = "<group>";
		};
		254D9AAC1ECDAAF7002BEA8E /* LaunchScreen.storyboard */ = {
			isa = PBXVariantGroup;
			children = (
				254D9AAD1ECDAAF7002BEA8E /* Base */,
			);
			name = LaunchScreen.storyboard;
			sourceTree = "<group>";
		};
/* End PBXVariantGroup section */

/* Begin XCBuildConfiguration section */
		254D9AB01ECDAAF7002BEA8E /* Debug */ = {
			isa = XCBuildConfiguration;
			buildSettings = {
				ALWAYS_SEARCH_USER_PATHS = NO;
				CLANG_ANALYZER_NONNULL = YES;
				CLANG_ANALYZER_NUMBER_OBJECT_CONVERSION = YES_AGGRESSIVE;
				CLANG_CXX_LANGUAGE_STANDARD = "gnu++0x";
				CLANG_CXX_LIBRARY = "libc++";
				CLANG_ENABLE_MODULES = YES;
				CLANG_ENABLE_OBJC_ARC = YES;
				CLANG_WARN_BOOL_CONVERSION = YES;
				CLANG_WARN_CONSTANT_CONVERSION = YES;
				CLANG_WARN_DIRECT_OBJC_ISA_USAGE = YES_ERROR;
				CLANG_WARN_DOCUMENTATION_COMMENTS = YES;
				CLANG_WARN_EMPTY_BODY = YES;
				CLANG_WARN_ENUM_CONVERSION = YES;
				CLANG_WARN_INFINITE_RECURSION = YES;
				CLANG_WARN_INT_CONVERSION = YES;
				CLANG_WARN_OBJC_ROOT_CLASS = YES_ERROR;
				CLANG_WARN_SUSPICIOUS_MOVE = YES;
				CLANG_WARN_UNREACHABLE_CODE = YES;
				CLANG_WARN__DUPLICATE_METHOD_MATCH = YES;
				"CODE_SIGN_IDENTITY[sdk=iphoneos*]" = "iPhone Developer";
				COPY_PHASE_STRIP = NO;
				DEBUG_INFORMATION_FORMAT = dwarf;
				ENABLE_STRICT_OBJC_MSGSEND = YES;
				ENABLE_TESTABILITY = YES;
				GCC_C_LANGUAGE_STANDARD = gnu99;
				GCC_DYNAMIC_NO_PIC = NO;
				GCC_NO_COMMON_BLOCKS = YES;
				GCC_OPTIMIZATION_LEVEL = 0;
				GCC_PREPROCESSOR_DEFINITIONS = (
					"DEBUG=1",
					"$(inherited)",
				);
				GCC_WARN_64_TO_32_BIT_CONVERSION = YES;
				GCC_WARN_ABOUT_RETURN_TYPE = YES_ERROR;
				GCC_WARN_UNDECLARED_SELECTOR = YES;
				GCC_WARN_UNINITIALIZED_AUTOS = YES_AGGRESSIVE;
				GCC_WARN_UNUSED_FUNCTION = YES;
				GCC_WARN_UNUSED_VARIABLE = YES;
				IPHONEOS_DEPLOYMENT_TARGET = 10.3;
				MTL_ENABLE_DEBUG_INFO = YES;
				ONLY_ACTIVE_ARCH = YES;
				SDKROOT = iphoneos;
				SWIFT_ACTIVE_COMPILATION_CONDITIONS = DEBUG;
				SWIFT_OPTIMIZATION_LEVEL = "-Onone";
			};
			name = Debug;
		};
		254D9AB11ECDAAF7002BEA8E /* Release */ = {
			isa = XCBuildConfiguration;
			buildSettings = {
				ALWAYS_SEARCH_USER_PATHS = NO;
				CLANG_ANALYZER_NONNULL = YES;
				CLANG_ANALYZER_NUMBER_OBJECT_CONVERSION = YES_AGGRESSIVE;
				CLANG_CXX_LANGUAGE_STANDARD = "gnu++0x";
				CLANG_CXX_LIBRARY = "libc++";
				CLANG_ENABLE_MODULES = YES;
				CLANG_ENABLE_OBJC_ARC = YES;
				CLANG_WARN_BOOL_CONVERSION = YES;
				CLANG_WARN_CONSTANT_CONVERSION = YES;
				CLANG_WARN_DIRECT_OBJC_ISA_USAGE = YES_ERROR;
				CLANG_WARN_DOCUMENTATION_COMMENTS = YES;
				CLANG_WARN_EMPTY_BODY = YES;
				CLANG_WARN_ENUM_CONVERSION = YES;
				CLANG_WARN_INFINITE_RECURSION = YES;
				CLANG_WARN_INT_CONVERSION = YES;
				CLANG_WARN_OBJC_ROOT_CLASS = YES_ERROR;
				CLANG_WARN_SUSPICIOUS_MOVE = YES;
				CLANG_WARN_UNREACHABLE_CODE = YES;
				CLANG_WARN__DUPLICATE_METHOD_MATCH = YES;
				"CODE_SIGN_IDENTITY[sdk=iphoneos*]" = "iPhone Developer";
				COPY_PHASE_STRIP = NO;
				DEBUG_INFORMATION_FORMAT = "dwarf-with-dsym";
				ENABLE_NS_ASSERTIONS = NO;
				ENABLE_STRICT_OBJC_MSGSEND = YES;
				GCC_C_LANGUAGE_STANDARD = gnu99;
				GCC_NO_COMMON_BLOCKS = YES;
				GCC_WARN_64_TO_32_BIT_CONVERSION = YES;
				GCC_WARN_ABOUT_RETURN_TYPE = YES_ERROR;
				GCC_WARN_UNDECLARED_SELECTOR = YES;
				GCC_WARN_UNINITIALIZED_AUTOS = YES_AGGRESSIVE;
				GCC_WARN_UNUSED_FUNCTION = YES;
				GCC_WARN_UNUSED_VARIABLE = YES;
				IPHONEOS_DEPLOYMENT_TARGET = 10.3;
				MTL_ENABLE_DEBUG_INFO = NO;
				SDKROOT = iphoneos;
				SWIFT_OPTIMIZATION_LEVEL = "-Owholemodule";
				VALIDATE_PRODUCT = YES;
			};
			name = Release;
		};
		254D9AB31ECDAAF7002BEA8E /* Debug */ = {
			isa = XCBuildConfiguration;
			buildSettings = {
				ASSETCATALOG_COMPILER_APPICON_NAME = AppIcon;
				INFOPLIST_FILE = "AloneStudy#1/Info.plist";
				LD_RUNPATH_SEARCH_PATHS = "$(inherited) @executable_path/Frameworks";
				PRODUCT_BUNDLE_IDENTIFIER = "jslee.AloneStudy-1";
				PRODUCT_NAME = "$(TARGET_NAME)";
				SWIFT_VERSION = 3.0;
			};
			name = Debug;
		};
		254D9AB41ECDAAF7002BEA8E /* Release */ = {
			isa = XCBuildConfiguration;
			buildSettings = {
				ASSETCATALOG_COMPILER_APPICON_NAME = AppIcon;
				INFOPLIST_FILE = "AloneStudy#1/Info.plist";
				LD_RUNPATH_SEARCH_PATHS = "$(inherited) @executable_path/Frameworks";
				PRODUCT_BUNDLE_IDENTIFIER = "jslee.AloneStudy-1";
				PRODUCT_NAME = "$(TARGET_NAME)";
				SWIFT_VERSION = 3.0;
			};
			name = Release;
		};
/* End XCBuildConfiguration section */

/* Begin XCConfigurationList section */
		254D9A9B1ECDAAF7002BEA8E /* Build configuration list for PBXProject "AloneStudy#1" */ = {
			isa = XCConfigurationList;
			buildConfigurations = (
				254D9AB01ECDAAF7002BEA8E /* Debug */,
				254D9AB11ECDAAF7002BEA8E /* Release */,
			);
			defaultConfigurationIsVisible = 0;
			defaultConfigurationName = Release;
		};
		254D9AB21ECDAAF7002BEA8E /* Build configuration list for PBXNativeTarget "AloneStudy#1" */ = {
			isa = XCConfigurationList;
			buildConfigurations = (
				254D9AB31ECDAAF7002BEA8E /* Debug */,
				254D9AB41ECDAAF7002BEA8E /* Release */,
			);
			defaultConfigurationIsVisible = 0;
		};
/* End XCConfigurationList section */
	};
	rootObject = 254D9A981ECDAAF7002BEA8E /* Project object */;
}
