// !$*UTF8*$!
{
	archiveVersion = 1;
	classes = {
	};
	objectVersion = 46;
	objects = {

/* Begin PBXBuildFile section */
		3F1200261EF7958900350768 /* AppDelegate.swift in Sources */ = {isa = PBXBuildFile; fileRef = 3F1200251EF7958900350768 /* AppDelegate.swift */; };
		3F1200281EF7958900350768 /* ViewController.swift in Sources */ = {isa = PBXBuildFile; fileRef = 3F1200271EF7958900350768 /* ViewController.swift */; };
		3F12002B1EF7958900350768 /* Main.storyboard in Resources */ = {isa = PBXBuildFile; fileRef = 3F1200291EF7958900350768 /* Main.storyboard */; };
		3F12002D1EF7958900350768 /* Assets.xcassets in Resources */ = {isa = PBXBuildFile; fileRef = 3F12002C1EF7958900350768 /* Assets.xcassets */; };
		3F1200301EF7958900350768 /* LaunchScreen.storyboard in Resources */ = {isa = PBXBuildFile; fileRef = 3F12002E1EF7958900350768 /* LaunchScreen.storyboard */; };
		3F728DC51EF811CE007FEF6B /* FriendList.plist in Resources */ = {isa = PBXBuildFile; fileRef = 3F728DC41EF811CE007FEF6B /* FriendList.plist */; };
		3FCFC2A11EF7B74400BCF724 /* FriendData.swift in Sources */ = {isa = PBXBuildFile; fileRef = 3FCFC2A01EF7B74400BCF724 /* FriendData.swift */; };
/* End PBXBuildFile section */

/* Begin PBXFileReference section */
		3F1200221EF7958900350768 /* Bundle.app */ = {isa = PBXFileReference; explicitFileType = wrapper.application; includeInIndex = 0; path = Bundle.app; sourceTree = BUILT_PRODUCTS_DIR; };
		3F1200251EF7958900350768 /* AppDelegate.swift */ = {isa = PBXFileReference; lastKnownFileType = sourcecode.swift; path = AppDelegate.swift; sourceTree = "<group>"; };
		3F1200271EF7958900350768 /* ViewController.swift */ = {isa = PBXFileReference; lastKnownFileType = sourcecode.swift; path = ViewController.swift; sourceTree = "<group>"; };
		3F12002A1EF7958900350768 /* Base */ = {isa = PBXFileReference; lastKnownFileType = file.storyboard; name = Base; path = Base.lproj/Main.storyboard; sourceTree = "<group>"; };
		3F12002C1EF7958900350768 /* Assets.xcassets */ = {isa = PBXFileReference; lastKnownFileType = folder.assetcatalog; path = Assets.xcassets; sourceTree = "<group>"; };
		3F12002F1EF7958900350768 /* Base */ = {isa = PBXFileReference; lastKnownFileType = file.storyboard; name = Base; path = Base.lproj/LaunchScreen.storyboard; sourceTree = "<group>"; };
		3F1200311EF7958900350768 /* Info.plist */ = {isa = PBXFileReference; lastKnownFileType = text.plist.xml; path = Info.plist; sourceTree = "<group>"; };
		3F728DC41EF811CE007FEF6B /* FriendList.plist */ = {isa = PBXFileReference; fileEncoding = 4; lastKnownFileType = text.plist.xml; path = FriendList.plist; sourceTree = "<group>"; };
		3FCFC2A01EF7B74400BCF724 /* FriendData.swift */ = {isa = PBXFileReference; fileEncoding = 4; lastKnownFileType = sourcecode.swift; path = FriendData.swift; sourceTree = "<group>"; };
/* End PBXFileReference section */

/* Begin PBXFrameworksBuildPhase section */
		3F12001F1EF7958900350768 /* Frameworks */ = {
			isa = PBXFrameworksBuildPhase;
			buildActionMask = 2147483647;
			files = (
			);
			runOnlyForDeploymentPostprocessing = 0;
		};
/* End PBXFrameworksBuildPhase section */

/* Begin PBXGroup section */
		3F1200191EF7958900350768 = {
			isa = PBXGroup;
			children = (
				3F1200241EF7958900350768 /* Bundle */,
				3F1200231EF7958900350768 /* Products */,
			);
			sourceTree = "<group>";
		};
		3F1200231EF7958900350768 /* Products */ = {
			isa = PBXGroup;
			children = (
				3F1200221EF7958900350768 /* Bundle.app */,
			);
			name = Products;
			sourceTree = "<group>";
		};
		3F1200241EF7958900350768 /* Bundle */ = {
			isa = PBXGroup;
			children = (
				3F1200251EF7958900350768 /* AppDelegate.swift */,
				3FCFC2A01EF7B74400BCF724 /* FriendData.swift */,
				3F1200271EF7958900350768 /* ViewController.swift */,
				3F1200291EF7958900350768 /* Main.storyboard */,
				3F12002C1EF7958900350768 /* Assets.xcassets */,
				3F12002E1EF7958900350768 /* LaunchScreen.storyboard */,
				3F1200311EF7958900350768 /* Info.plist */,
				3F728DC41EF811CE007FEF6B /* FriendList.plist */,
			);
			path = Bundle;
			sourceTree = "<group>";
		};
/* End PBXGroup section */

/* Begin PBXNativeTarget section */
		3F1200211EF7958900350768 /* Bundle */ = {
			isa = PBXNativeTarget;
			buildConfigurationList = 3F1200341EF7958900350768 /* Build configuration list for PBXNativeTarget "Bundle" */;
			buildPhases = (
				3F12001E1EF7958900350768 /* Sources */,
				3F12001F1EF7958900350768 /* Frameworks */,
				3F1200201EF7958900350768 /* Resources */,
			);
			buildRules = (
			);
			dependencies = (
			);
			name = Bundle;
			productName = Bundle;
			productReference = 3F1200221EF7958900350768 /* Bundle.app */;
			productType = "com.apple.product-type.application";
		};
/* End PBXNativeTarget section */

/* Begin PBXProject section */
		3F12001A1EF7958900350768 /* Project object */ = {
			isa = PBXProject;
			attributes = {
				LastSwiftUpdateCheck = 0830;
				LastUpgradeCheck = 0830;
				ORGANIZATIONNAME = jaeseong;
				TargetAttributes = {
					3F1200211EF7958900350768 = {
						CreatedOnToolsVersion = 8.3.3;
						DevelopmentTeam = FNEH2787UY;
						ProvisioningStyle = Automatic;
					};
				};
			};
			buildConfigurationList = 3F12001D1EF7958900350768 /* Build configuration list for PBXProject "Bundle" */;
			compatibilityVersion = "Xcode 3.2";
			developmentRegion = English;
			hasScannedForEncodings = 0;
			knownRegions = (
				en,
				Base,
			);
			mainGroup = 3F1200191EF7958900350768;
			productRefGroup = 3F1200231EF7958900350768 /* Products */;
			projectDirPath = "";
			projectRoot = "";
			targets = (
				3F1200211EF7958900350768 /* Bundle */,
			);
		};
/* End PBXProject section */

/* Begin PBXResourcesBuildPhase section */
		3F1200201EF7958900350768 /* Resources */ = {
			isa = PBXResourcesBuildPhase;
			buildActionMask = 2147483647;
			files = (
				3F1200301EF7958900350768 /* LaunchScreen.storyboard in Resources */,
				3F12002D1EF7958900350768 /* Assets.xcassets in Resources */,
				3F728DC51EF811CE007FEF6B /* FriendList.plist in Resources */,
				3F12002B1EF7958900350768 /* Main.storyboard in Resources */,
			);
			runOnlyForDeploymentPostprocessing = 0;
		};
/* End PBXResourcesBuildPhase section */

/* Begin PBXSourcesBuildPhase section */
		3F12001E1EF7958900350768 /* Sources */ = {
			isa = PBXSourcesBuildPhase;
			buildActionMask = 2147483647;
			files = (
				3F1200281EF7958900350768 /* ViewController.swift in Sources */,
				3FCFC2A11EF7B74400BCF724 /* FriendData.swift in Sources */,
				3F1200261EF7958900350768 /* AppDelegate.swift in Sources */,
			);
			runOnlyForDeploymentPostprocessing = 0;
		};
/* End PBXSourcesBuildPhase section */

/* Begin PBXVariantGroup section */
		3F1200291EF7958900350768 /* Main.storyboard */ = {
			isa = PBXVariantGroup;
			children = (
				3F12002A1EF7958900350768 /* Base */,
			);
			name = Main.storyboard;
			sourceTree = "<group>";
		};
		3F12002E1EF7958900350768 /* LaunchScreen.storyboard */ = {
			isa = PBXVariantGroup;
			children = (
				3F12002F1EF7958900350768 /* Base */,
			);
			name = LaunchScreen.storyboard;
			sourceTree = "<group>";
		};
/* End PBXVariantGroup section */

/* Begin XCBuildConfiguration section */
		3F1200321EF7958900350768 /* Debug */ = {
			isa = XCBuildConfiguration;
			buildSettings = {
				ALWAYS_SEARCH_USER_PATHS = NO;
				CLANG_ANALYZER_NONNULL = YES;
				CLANG_ANALYZER_NUMBER_OBJECT_CONVERSION = YES_AGGRESSIVE;
				CLANG_CXX_LANGUAGE_STANDARD = "gnu++0x";
				CLANG_CXX_LIBRARY = "libc++";
				CLANG_ENABLE_MODULES = YES;
				CLANG_ENABLE_OBJC_ARC = YES;
				CLANG_WARN_BOOL_CONVERSION = YES;
				CLANG_WARN_CONSTANT_CONVERSION = YES;
				CLANG_WARN_DIRECT_OBJC_ISA_USAGE = YES_ERROR;
				CLANG_WARN_DOCUMENTATION_COMMENTS = YES;
				CLANG_WARN_EMPTY_BODY = YES;
				CLANG_WARN_ENUM_CONVERSION = YES;
				CLANG_WARN_INFINITE_RECURSION = YES;
				CLANG_WARN_INT_CONVERSION = YES;
				CLANG_WARN_OBJC_ROOT_CLASS = YES_ERROR;
				CLANG_WARN_SUSPICIOUS_MOVE = YES;
				CLANG_WARN_UNREACHABLE_CODE = YES;
				CLANG_WARN__DUPLICATE_METHOD_MATCH = YES;
				"CODE_SIGN_IDENTITY[sdk=iphoneos*]" = "iPhone Developer";
				COPY_PHASE_STRIP = NO;
				DEBUG_INFORMATION_FORMAT = dwarf;
				ENABLE_STRICT_OBJC_MSGSEND = YES;
				ENABLE_TESTABILITY = YES;
				GCC_C_LANGUAGE_STANDARD = gnu99;
				GCC_DYNAMIC_NO_PIC = NO;
				GCC_NO_COMMON_BLOCKS = YES;
				GCC_OPTIMIZATION_LEVEL = 0;
				GCC_PREPROCESSOR_DEFINITIONS = (
					"DEBUG=1",
					"$(inherited)",
				);
				GCC_WARN_64_TO_32_BIT_CONVERSION = YES;
				GCC_WARN_ABOUT_RETURN_TYPE = YES_ERROR;
				GCC_WARN_UNDECLARED_SELECTOR = YES;
				GCC_WARN_UNINITIALIZED_AUTOS = YES_AGGRESSIVE;
				GCC_WARN_UNUSED_FUNCTION = YES;
				GCC_WARN_UNUSED_VARIABLE = YES;
				IPHONEOS_DEPLOYMENT_TARGET = 10.3;
				MTL_ENABLE_DEBUG_INFO = YES;
				ONLY_ACTIVE_ARCH = YES;
				SDKROOT = iphoneos;
				SWIFT_ACTIVE_COMPILATION_CONDITIONS = DEBUG;
				SWIFT_OPTIMIZATION_LEVEL = "-Onone";
				TARGETED_DEVICE_FAMILY = "1,2";
			};
			name = Debug;
		};
		3F1200331EF7958900350768 /* Release */ = {
			isa = XCBuildConfiguration;
			buildSettings = {
				ALWAYS_SEARCH_USER_PATHS = NO;
				CLANG_ANALYZER_NONNULL = YES;
				CLANG_ANALYZER_NUMBER_OBJECT_CONVERSION = YES_AGGRESSIVE;
				CLANG_CXX_LANGUAGE_STANDARD = "gnu++0x";
				CLANG_CXX_LIBRARY = "libc++";
				CLANG_ENABLE_MODULES = YES;
				CLANG_ENABLE_OBJC_ARC = YES;
				CLANG_WARN_BOOL_CONVERSION = YES;
				CLANG_WARN_CONSTANT_CONVERSION = YES;
				CLANG_WARN_DIRECT_OBJC_ISA_USAGE = YES_ERROR;
				CLANG_WARN_DOCUMENTATION_COMMENTS = YES;
				CLANG_WARN_EMPTY_BODY = YES;
				CLANG_WARN_ENUM_CONVERSION = YES;
				CLANG_WARN_INFINITE_RECURSION = YES;
				CLANG_WARN_INT_CONVERSION = YES;
				CLANG_WARN_OBJC_ROOT_CLASS = YES_ERROR;
				CLANG_WARN_SUSPICIOUS_MOVE = YES;
				CLANG_WARN_UNREACHABLE_CODE = YES;
				CLANG_WARN__DUPLICATE_METHOD_MATCH = YES;
				"CODE_SIGN_IDENTITY[sdk=iphoneos*]" = "iPhone Developer";
				COPY_PHASE_STRIP = NO;
				DEBUG_INFORMATION_FORMAT = "dwarf-with-dsym";
				ENABLE_NS_ASSERTIONS = NO;
				ENABLE_STRICT_OBJC_MSGSEND = YES;
				GCC_C_LANGUAGE_STANDARD = gnu99;
				GCC_NO_COMMON_BLOCKS = YES;
				GCC_WARN_64_TO_32_BIT_CONVERSION = YES;
				GCC_WARN_ABOUT_RETURN_TYPE = YES_ERROR;
				GCC_WARN_UNDECLARED_SELECTOR = YES;
				GCC_WARN_UNINITIALIZED_AUTOS = YES_AGGRESSIVE;
				GCC_WARN_UNUSED_FUNCTION = YES;
				GCC_WARN_UNUSED_VARIABLE = YES;
				IPHONEOS_DEPLOYMENT_TARGET = 10.3;
				MTL_ENABLE_DEBUG_INFO = NO;
				SDKROOT = iphoneos;
				SWIFT_OPTIMIZATION_LEVEL = "-Owholemodule";
				TARGETED_DEVICE_FAMILY = "1,2";
				VALIDATE_PRODUCT = YES;
			};
			name = Release;
		};
		3F1200351EF7958900350768 /* Debug */ = {
			isa = XCBuildConfiguration;
			buildSettings = {
				ASSETCATALOG_COMPILER_APPICON_NAME = AppIcon;
				DEVELOPMENT_TEAM = FNEH2787UY;
				INFOPLIST_FILE = Bundle/Info.plist;
				LD_RUNPATH_SEARCH_PATHS = "$(inherited) @executable_path/Frameworks";
				PRODUCT_BUNDLE_IDENTIFIER = com.toygift.Bundle;
				PRODUCT_NAME = "$(TARGET_NAME)";
				SWIFT_VERSION = 3.0;
			};
			name = Debug;
		};
		3F1200361EF7958900350768 /* Release */ = {
			isa = XCBuildConfiguration;
			buildSettings = {
				ASSETCATALOG_COMPILER_APPICON_NAME = AppIcon;
				DEVELOPMENT_TEAM = FNEH2787UY;
				INFOPLIST_FILE = Bundle/Info.plist;
				LD_RUNPATH_SEARCH_PATHS = "$(inherited) @executable_path/Frameworks";
				PRODUCT_BUNDLE_IDENTIFIER = com.toygift.Bundle;
				PRODUCT_NAME = "$(TARGET_NAME)";
				SWIFT_VERSION = 3.0;
			};
			name = Release;
		};
/* End XCBuildConfiguration section */

/* Begin XCConfigurationList section */
		3F12001D1EF7958900350768 /* Build configuration list for PBXProject "Bundle" */ = {
			isa = XCConfigurationList;
			buildConfigurations = (
				3F1200321EF7958900350768 /* Debug */,
				3F1200331EF7958900350768 /* Release */,
			);
			defaultConfigurationIsVisible = 0;
			defaultConfigurationName = Release;
		};
		3F1200341EF7958900350768 /* Build configuration list for PBXNativeTarget "Bundle" */ = {
			isa = XCConfigurationList;
			buildConfigurations = (
				3F1200351EF7958900350768 /* Debug */,
				3F1200361EF7958900350768 /* Release */,
			);
			defaultConfigurationIsVisible = 0;
			defaultConfigurationName = Release;
		};
/* End XCConfigurationList section */
	};
	rootObject = 3F12001A1EF7958900350768 /* Project object */;
}
